
Microsoft Visual Studio Solution File, Format Version 12.00
# Visual Studio 15
VisualStudioVersion = 15.0.28307.421
MinimumVisualStudioVersion = 10.0.40219.1
Project("{8BC9CEB8-8B4A-11D0-8D11-00A0C91BC942}") = "cctest", "demo\test\cctest\cctest.vcxproj", "{C81B8756-7DEB-3BCB-B171-AAD4E6C11091}"
	ProjectSection(ProjectDependencies) = postProject
		{99362EC7-0565-399C-A660-B3934CBB0985} = {99362EC7-0565-399C-A660-B3934CBB0985}
	EndProjectSection
EndProject
Project("{2150E333-8FDC-42A3-9474-1A3956D46DE8}") = "0_thirdparty", "0_thirdparty", "{C8F93C85-786F-4B12-9299-AB976370E360}"
EndProject
Project("{2150E333-8FDC-42A3-9474-1A3956D46DE8}") = "1_demo", "1_demo", "{7F77BF96-50F2-4187-9563-04328920C7F2}"
EndProject
Project("{8BC9CEB8-8B4A-11D0-8D11-00A0C91BC942}") = "libdouble-conversion", "thirdparty\double-conversion-3.2.1\libdouble-conversion.vcxproj", "{99362EC7-0565-399C-A660-B3934CBB0985}"
EndProject
Global
	GlobalSection(SolutionConfigurationPlatforms) = preSolution
		Debug|x64 = Debug|x64
		Release|x64 = Release|x64
	EndGlobalSection
	GlobalSection(ProjectConfigurationPlatforms) = postSolution
		{C81B8756-7DEB-3BCB-B171-AAD4E6C11091}.Debug|x64.ActiveCfg = Debug|x64
		{C81B8756-7DEB-3BCB-B171-AAD4E6C11091}.Debug|x64.Build.0 = Debug|x64
		{C81B8756-7DEB-3BCB-B171-AAD4E6C11091}.Release|x64.ActiveCfg = Release|x64
		{C81B8756-7DEB-3BCB-B171-AAD4E6C11091}.Release|x64.Build.0 = Release|x64
		{99362EC7-0565-399C-A660-B3934CBB0985}.Debug|x64.ActiveCfg = Debug|x64
		{99362EC7-0565-399C-A660-B3934CBB0985}.Debug|x64.Build.0 = Debug|x64
		{99362EC7-0565-399C-A660-B3934CBB0985}.Release|x64.ActiveCfg = Release|x64
		{99362EC7-0565-399C-A660-B3934CBB0985}.Release|x64.Build.0 = Release|x64
	EndGlobalSection
	GlobalSection(SolutionProperties) = preSolution
		HideSolutionNode = FALSE
	EndGlobalSection
	GlobalSection(NestedProjects) = preSolution
		{C81B8756-7DEB-3BCB-B171-AAD4E6C11091} = {7F77BF96-50F2-4187-9563-04328920C7F2}
		{99362EC7-0565-399C-A660-B3934CBB0985} = {C8F93C85-786F-4B12-9299-AB976370E360}
	EndGlobalSection
	GlobalSection(ExtensibilityGlobals) = postSolution
		SolutionGuid = {0992D761-8FD5-39EB-8D46-45E67B86FA3F}
	EndGlobalSection
EndGlobal
